
Microsoft Visual Studio Solution File, Format Version 12.00
# Visual Studio 14
VisualStudioVersion = 14.0.25420.1
MinimumVisualStudioVersion = 10.0.40219.1
Project("{FAE04EC0-301F-11D3-BF4B-00C04F79EFBC}") = "LucoilTestTask", "LucoilTestTask\LucoilTestTask.csproj", "{8419DC9E-E41A-4DED-B4C4-7CDBD30F53BF}"
EndProject
Project("{FAE04EC0-301F-11D3-BF4B-00C04F79EFBC}") = "ProcessChain", "ProcessChain\ProcessChain.csproj", "{1AA016E3-F6A6-4177-8220-D5349D33ABF8}"
EndProject
Project("{2150E333-8FDC-42A3-9474-1A3956D46DE8}") = "Test", "Test", "{75496BDD-59A1-49A0-8D5B-C237B86AEFB9}"
EndProject
Project("{FAE04EC0-301F-11D3-BF4B-00C04F79EFBC}") = "ProcessChainTest", "ProcessChainTest\ProcessChainTest.csproj", "{2F6198DB-5EDE-4B2E-8762-144A41EF7A17}"
EndProject
Global
	GlobalSection(SolutionConfigurationPlatforms) = preSolution
		Debug|Any CPU = Debug|Any CPU
		Release|Any CPU = Release|Any CPU
	EndGlobalSection
	GlobalSection(ProjectConfigurationPlatforms) = postSolution
		{8419DC9E-E41A-4DED-B4C4-7CDBD30F53BF}.Debug|Any CPU.ActiveCfg = Debug|Any CPU
		{8419DC9E-E41A-4DED-B4C4-7CDBD30F53BF}.Debug|Any CPU.Build.0 = Debug|Any CPU
		{8419DC9E-E41A-4DED-B4C4-7CDBD30F53BF}.Release|Any CPU.ActiveCfg = Release|Any CPU
		{8419DC9E-E41A-4DED-B4C4-7CDBD30F53BF}.Release|Any CPU.Build.0 = Release|Any CPU
		{1AA016E3-F6A6-4177-8220-D5349D33ABF8}.Debug|Any CPU.ActiveCfg = Debug|Any CPU
		{1AA016E3-F6A6-4177-8220-D5349D33ABF8}.Debug|Any CPU.Build.0 = Debug|Any CPU
		{1AA016E3-F6A6-4177-8220-D5349D33ABF8}.Release|Any CPU.ActiveCfg = Release|Any CPU
		{1AA016E3-F6A6-4177-8220-D5349D33ABF8}.Release|Any CPU.Build.0 = Release|Any CPU
		{2F6198DB-5EDE-4B2E-8762-144A41EF7A17}.Debug|Any CPU.ActiveCfg = Debug|Any CPU
		{2F6198DB-5EDE-4B2E-8762-144A41EF7A17}.Debug|Any CPU.Build.0 = Debug|Any CPU
		{2F6198DB-5EDE-4B2E-8762-144A41EF7A17}.Release|Any CPU.ActiveCfg = Release|Any CPU
		{2F6198DB-5EDE-4B2E-8762-144A41EF7A17}.Release|Any CPU.Build.0 = Release|Any CPU
	EndGlobalSection
	GlobalSection(SolutionProperties) = preSolution
		HideSolutionNode = FALSE
	EndGlobalSection
	GlobalSection(NestedProjects) = preSolution
		{2F6198DB-5EDE-4B2E-8762-144A41EF7A17} = {75496BDD-59A1-49A0-8D5B-C237B86AEFB9}
	EndGlobalSection
EndGlobal
